
Microsoft Visual Studio Solution File, Format Version 12.00
# Visual Studio Version 17
VisualStudioVersion = 17.2.32616.157
MinimumVisualStudioVersion = 10.0.40219.1
Project("{FAE04EC0-301F-11D3-BF4B-00C04F79EFBC}") = "eShop.Server", "eShop\Server\eShop.Server.csproj", "{1EBAE018-8BC4-40AD-8C13-7624C054F86F}"
EndProject
Project("{FAE04EC0-301F-11D3-BF4B-00C04F79EFBC}") = "eShop.Client", "eShop\Client\eShop.Client.csproj", "{0E23AD41-96EE-40BA-9DB8-162FBA7B9429}"
EndProject
Project("{FAE04EC0-301F-11D3-BF4B-00C04F79EFBC}") = "eShop.Shared", "eShop\Shared\eShop.Shared.csproj", "{813BD8B6-F689-46D9-B02A-731688873044}"
EndProject
Global
	GlobalSection(SolutionConfigurationPlatforms) = preSolution
		Debug|Any CPU = Debug|Any CPU
		Release|Any CPU = Release|Any CPU
	EndGlobalSection
	GlobalSection(ProjectConfigurationPlatforms) = postSolution
		{1EBAE018-8BC4-40AD-8C13-7624C054F86F}.Debug|Any CPU.ActiveCfg = Debug|Any CPU
		{1EBAE018-8BC4-40AD-8C13-7624C054F86F}.Debug|Any CPU.Build.0 = Debug|Any CPU
		{1EBAE018-8BC4-40AD-8C13-7624C054F86F}.Release|Any CPU.ActiveCfg = Release|Any CPU
		{1EBAE018-8BC4-40AD-8C13-7624C054F86F}.Release|Any CPU.Build.0 = Release|Any CPU
		{0E23AD41-96EE-40BA-9DB8-162FBA7B9429}.Debug|Any CPU.ActiveCfg = Debug|Any CPU
		{0E23AD41-96EE-40BA-9DB8-162FBA7B9429}.Debug|Any CPU.Build.0 = Debug|Any CPU
		{0E23AD41-96EE-40BA-9DB8-162FBA7B9429}.Release|Any CPU.ActiveCfg = Release|Any CPU
		{0E23AD41-96EE-40BA-9DB8-162FBA7B9429}.Release|Any CPU.Build.0 = Release|Any CPU
		{813BD8B6-F689-46D9-B02A-731688873044}.Debug|Any CPU.ActiveCfg = Debug|Any CPU
		{813BD8B6-F689-46D9-B02A-731688873044}.Debug|Any CPU.Build.0 = Debug|Any CPU
		{813BD8B6-F689-46D9-B02A-731688873044}.Release|Any CPU.ActiveCfg = Release|Any CPU
		{813BD8B6-F689-46D9-B02A-731688873044}.Release|Any CPU.Build.0 = Release|Any CPU
	EndGlobalSection
	GlobalSection(SolutionProperties) = preSolution
		HideSolutionNode = FALSE
	EndGlobalSection
	GlobalSection(ExtensibilityGlobals) = postSolution
		SolutionGuid = {D3C521F3-2928-4B37-BFAB-5DEA3128CDE6}
	EndGlobalSection
EndGlobal
